# THIS IS AN AUTOGENERATED FILE. DO NOT EDIT THIS FILE DIRECTLY.
# yarn lockfile v1


framer-motion@^12.16.0:
  version "12.16.0"
  resolved "https://registry.npmjs.org/framer-motion/-/framer-motion-12.16.0.tgz"
  integrity sha512-xryrmD4jSBQrS2IkMdcTmiS4aSKckbS7kLDCuhUn9110SQKG1w3zlq1RTqCblewg+ZYe+m3sdtzQA6cRwo5g8Q==
  dependencies:
    motion-dom "^12.16.0"
    motion-utils "^12.12.1"
    tslib "^2.4.0"

gl-matrix@3.3.0:
  version "3.3.0"
  resolved "https://registry.npmjs.org/gl-matrix/-/gl-matrix-3.3.0.tgz"
  integrity sha512-COb7LDz+SXaHtl/h4LeaFcNdJdAQSDeVqjiIihSXNrkWObZLhDI4hIkZC11Aeqp7bcE72clzB0BnDXr2SmslRA==

glsl-canvas-js@^0.2.9:
  version "0.2.9"
  resolved "https://registry.npmjs.org/glsl-canvas-js/-/glsl-canvas-js-0.2.9.tgz"
  integrity sha512-b26PXAU+nbAvu+JauFh8KQ8as/SAM/Aokad/Mb8phG2X8Ob1XTKlvFO/YUmgJbtmRPsLkIWmf3BjpGkIE3dJRw==
  dependencies:
    gl-matrix "3.3.0"
    promise-polyfill "8.2.0"

highlight.js@^10.5.0:
  version "10.7.3"
  resolved "https://registry.npmjs.org/highlight.js/-/highlight.js-10.7.3.tgz"
  integrity sha512-tzcUFauisWKNHaRkN4Wjl/ZA07gENAjFl3J/c480dprkGTg5EQstgaNFqBfUqCq54kZRIEcreTsAgF/m2quD7A==

"js-tokens@^3.0.0 || ^4.0.0":
  version "4.0.0"
  resolved "https://registry.npmjs.org/js-tokens/-/js-tokens-4.0.0.tgz"
  integrity sha512-RdJUflcE3cUzKiMqQgsCu06FPu9UdIJO0beYbPhHN4k6apgJtifcoCtT9bcxOpYBtpD2kCM6Sbzg4CausW/PKQ==

loose-envify@^1.1.0:
  version "1.4.0"
  resolved "https://registry.npmjs.org/loose-envify/-/loose-envify-1.4.0.tgz"
  integrity sha512-lyuxPGr/Wfhrlem2CL/UcnUc1zcqKAImBDzukY7Y5F/yQiNdko6+fRLevlw1HgMySw7f611UIY408EtxRSoK3Q==
  dependencies:
    js-tokens "^3.0.0 || ^4.0.0"

motion-dom@^12.16.0:
  version "12.16.0"
  resolved "https://registry.npmjs.org/motion-dom/-/motion-dom-12.16.0.tgz"
  integrity sha512-Z2nGwWrrdH4egLEtgYMCEN4V2qQt1qxlKy/uV7w691ztyA41Q5Rbn0KNGbsNVDZr9E8PD2IOQ3hSccRnB6xWzw==
  dependencies:
    motion-utils "^12.12.1"

motion-utils@^12.12.1:
  version "12.12.1"
  resolved "https://registry.npmjs.org/motion-utils/-/motion-utils-12.12.1.tgz"
  integrity sha512-f9qiqUHm7hWSLlNW8gS9pisnsN7CRFRD58vNjptKdsqFLpkVnX00TNeD6Q0d27V9KzT7ySFyK1TZ/DShfVOv6w==

promise-polyfill@8.2.0:
  version "8.2.0"
  resolved "https://registry.npmjs.org/promise-polyfill/-/promise-polyfill-8.2.0.tgz"
  integrity sha512-k/TC0mIcPVF6yHhUvwAp7cvL6I2fFV7TzF1DuGPI8mBh4QQazf36xCKEHKTZKRysEoTQoQdKyP25J8MPJp7j5g==

react-dom@^18.0.0, "react-dom@^18.0.0 || ^19.0.0":
  version "18.3.1"
  resolved "https://registry.npmjs.org/react-dom/-/react-dom-18.3.1.tgz"
  integrity sha512-5m4nQKp+rZRb09LNH59GM4BxTh9251/ylbKIbpe7TpGxfJ+9kv6BLkLBXIjjspbgbnIBNqlI23tRnTWT0snUIw==
  dependencies:
    loose-envify "^1.1.0"
    scheduler "^0.23.2"

react-glsl-canvas@^1.0.0-alpha.6:
  version "1.0.0-alpha.6"
  resolved "https://registry.npmjs.org/react-glsl-canvas/-/react-glsl-canvas-1.0.0-alpha.6.tgz"
  integrity sha512-vKeg93s5sWX7CC1udmEVYtpIaNjfAJ4GrE9EXnvtEl7REH7RGhwD1yLpzy2tHPqgUpfZHcaHlO08ashDSj3A/A==
  dependencies:
    glsl-canvas-js "^0.2.9"

react-highlight@^0.15.0:
  version "0.15.0"
  resolved "https://registry.npmjs.org/react-highlight/-/react-highlight-0.15.0.tgz"
  integrity sha512-5uV/b/N4Z421GSVVe05fz+OfTsJtFzx/fJBdafZyw4LS70XjIZwgEx3Lrkfc01W/RzZ2Dtfb0DApoaJFAIKBtA==
  dependencies:
    highlight.js "^10.5.0"

react@^18.0.0, "react@^18.0.0 || ^19.0.0", react@^18.3.1:
  version "18.3.1"
  resolved "https://registry.npmjs.org/react/-/react-18.3.1.tgz"
  integrity sha512-wS+hAgJShR0KhEvPJArfuPVN1+Hz1t0Y6n5jLrGQbkb4urgPE/0Rve+1kMB1v/oWgHgm4WIcV+i7F2pTVj+2iQ==
  dependencies:
    loose-envify "^1.1.0"

scheduler@^0.23.2:
  version "0.23.2"
  resolved "https://registry.npmjs.org/scheduler/-/scheduler-0.23.2.tgz"
  integrity sha512-UOShsPwz7NrMUqhR6t0hWjFduvOzbtv7toDH1/hIrfRNIDBnnBWd0CwJTGvTpngVlmwGCdP9/Zl/tVrDqcuYzQ==
  dependencies:
    loose-envify "^1.1.0"

three@^0.177.0:
  version "0.177.0"
  resolved "https://registry.npmjs.org/three/-/three-0.177.0.tgz"
  integrity sha512-EiXv5/qWAaGI+Vz2A+JfavwYCMdGjxVsrn3oBwllUoqYeaBO75J63ZfyaQKoiLrqNHoTlUc6PFgMXnS0kI45zg==

tslib@^2.4.0:
  version "2.8.1"
  resolved "https://registry.npmjs.org/tslib/-/tslib-2.8.1.tgz"
  integrity sha512-oJFu94HQb+KVduSUQL7wnpmqnfmLsOA/nAh6b6EH0wCEoK0/mPeXU6c3wKDV83MkOuHPRHtSXKKU99IBazS/2w==

vanta@^0.5.24:
  version "0.5.24"
  resolved "https://registry.npmjs.org/vanta/-/vanta-0.5.24.tgz"
  integrity sha512-fvieEbHy1ZS23zrcX+topzqAgA4Uct1enngOEWLFBgs9TtOf6RDFOYatH7KSVdrABzQDMCQ5myQy+nTSZZwLzg==
